// !$*UTF8*$!
{
	archiveVersion = 1;
	classes = {
	};
	objectVersion = 55;
	objects = {

/* Begin PBXBuildFile section */
		00831C3628916F1D00576F80 /* AppDelegate.swift in Sources */ = {isa = PBXBuildFile; fileRef = 00831C3528916F1D00576F80 /* AppDelegate.swift */; };
		00831C3828916F1D00576F80 /* SceneDelegate.swift in Sources */ = {isa = PBXBuildFile; fileRef = 00831C3728916F1D00576F80 /* SceneDelegate.swift */; };
		00831C3A28916F1D00576F80 /* ViewController.swift in Sources */ = {isa = PBXBuildFile; fileRef = 00831C3928916F1D00576F80 /* ViewController.swift */; };
		00831C3D28916F1D00576F80 /* Main.storyboard in Resources */ = {isa = PBXBuildFile; fileRef = 00831C3B28916F1D00576F80 /* Main.storyboard */; };
		00831C3F28916F2200576F80 /* Assets.xcassets in Resources */ = {isa = PBXBuildFile; fileRef = 00831C3E28916F2200576F80 /* Assets.xcassets */; };
		00831C4228916F2200576F80 /* LaunchScreen.storyboard in Resources */ = {isa = PBXBuildFile; fileRef = 00831C4028916F2200576F80 /* LaunchScreen.storyboard */; };
		00831C4D28916F2200576F80 /* TEST1Tests.swift in Sources */ = {isa = PBXBuildFile; fileRef = 00831C4C28916F2200576F80 /* TEST1Tests.swift */; };
		00831C5728916F2300576F80 /* TEST1UITests.swift in Sources */ = {isa = PBXBuildFile; fileRef = 00831C5628916F2300576F80 /* TEST1UITests.swift */; };
		00831C5928916F2300576F80 /* TEST1UITestsLaunchTests.swift in Sources */ = {isa = PBXBuildFile; fileRef = 00831C5828916F2300576F80 /* TEST1UITestsLaunchTests.swift */; };
/* End PBXBuildFile section */

/* Begin PBXContainerItemProxy section */
		00831C4928916F2200576F80 /* PBXContainerItemProxy */ = {
			isa = PBXContainerItemProxy;
			containerPortal = 00831C2A28916F1D00576F80 /* Project object */;
			proxyType = 1;
			remoteGlobalIDString = 00831C3128916F1D00576F80;
			remoteInfo = TEST1;
		};
		00831C5328916F2300576F80 /* PBXContainerItemProxy */ = {
			isa = PBXContainerItemProxy;
			containerPortal = 00831C2A28916F1D00576F80 /* Project object */;
			proxyType = 1;
			remoteGlobalIDString = 00831C3128916F1D00576F80;
			remoteInfo = TEST1;
		};
/* End PBXContainerItemProxy section */

/* Begin PBXFileReference section */
		00831C3228916F1D00576F80 /* TEST1.app */ = {isa = PBXFileReference; explicitFileType = wrapper.application; includeInIndex = 0; path = TEST1.app; sourceTree = BUILT_PRODUCTS_DIR; };
		00831C3528916F1D00576F80 /* AppDelegate.swift */ = {isa = PBXFileReference; lastKnownFileType = sourcecode.swift; path = AppDelegate.swift; sourceTree = "<group>"; };
		00831C3728916F1D00576F80 /* SceneDelegate.swift */ = {isa = PBXFileReference; lastKnownFileType = sourcecode.swift; path = SceneDelegate.swift; sourceTree = "<group>"; };
		00831C3928916F1D00576F80 /* ViewController.swift */ = {isa = PBXFileReference; lastKnownFileType = sourcecode.swift; path = ViewController.swift; sourceTree = "<group>"; };
		00831C3C28916F1D00576F80 /* Base */ = {isa = PBXFileReference; lastKnownFileType = file.storyboard; name = Base; path = Base.lproj/Main.storyboard; sourceTree = "<group>"; };
		00831C3E28916F2200576F80 /* Assets.xcassets */ = {isa = PBXFileReference; lastKnownFileType = folder.assetcatalog; path = Assets.xcassets; sourceTree = "<group>"; };
		00831C4128916F2200576F80 /* Base */ = {isa = PBXFileReference; lastKnownFileType = file.storyboard; name = Base; path = Base.lproj/LaunchScreen.storyboard; sourceTree = "<group>"; };
		00831C4328916F2200576F80 /* Info.plist */ = {isa = PBXFileReference; lastKnownFileType = text.plist.xml; path = Info.plist; sourceTree = "<group>"; };
		00831C4828916F2200576F80 /* TEST1Tests.xctest */ = {isa = PBXFileReference; explicitFileType = wrapper.cfbundle; includeInIndex = 0; path = TEST1Tests.xctest; sourceTree = BUILT_PRODUCTS_DIR; };
		00831C4C28916F2200576F80 /* TEST1Tests.swift */ = {isa = PBXFileReference; lastKnownFileType = sourcecode.swift; path = TEST1Tests.swift; sourceTree = "<group>"; };
		00831C5228916F2300576F80 /* TEST1UITests.xctest */ = {isa = PBXFileReference; explicitFileType = wrapper.cfbundle; includeInIndex = 0; path = TEST1UITests.xctest; sourceTree = BUILT_PRODUCTS_DIR; };
		00831C5628916F2300576F80 /* TEST1UITests.swift */ = {isa = PBXFileReference; lastKnownFileType = sourcecode.swift; path = TEST1UITests.swift; sourceTree = "<group>"; };
		00831C5828916F2300576F80 /* TEST1UITestsLaunchTests.swift */ = {isa = PBXFileReference; lastKnownFileType = sourcecode.swift; path = TEST1UITestsLaunchTests.swift; sourceTree = "<group>"; };
/* End PBXFileReference section */

/* Begin PBXFrameworksBuildPhase section */
		00831C2F28916F1D00576F80 /* Frameworks */ = {
			isa = PBXFrameworksBuildPhase;
			buildActionMask = 2147483647;
			files = (
			);
			runOnlyForDeploymentPostprocessing = 0;
		};
		00831C4528916F2200576F80 /* Frameworks */ = {
			isa = PBXFrameworksBuildPhase;
			buildActionMask = 2147483647;
			files = (
			);
			runOnlyForDeploymentPostprocessing = 0;
		};
		00831C4F28916F2300576F80 /* Frameworks */ = {
			isa = PBXFrameworksBuildPhase;
			buildActionMask = 2147483647;
			files = (
			);
			runOnlyForDeploymentPostprocessing = 0;
		};
/* End PBXFrameworksBuildPhase section */

/* Begin PBXGroup section */
		00831C2928916F1D00576F80 = {
			isa = PBXGroup;
			children = (
				00831C3328916F1D00576F80 /* Products */,
				00831C3428916F1D00576F80 /* TEST1 */,
				00831C4B28916F2200576F80 /* TEST1Tests */,
				00831C5528916F2300576F80 /* TEST1UITests */,
			);
			sourceTree = "<group>";
		};
		00831C3328916F1D00576F80 /* Products */ = {
			isa = PBXGroup;
			children = (
				00831C3228916F1D00576F80 /* TEST1.app */,
				00831C4828916F2200576F80 /* TEST1Tests.xctest */,
				00831C5228916F2300576F80 /* TEST1UITests.xctest */,
			);
			name = Products;
			sourceTree = "<group>";
		};
		00831C3428916F1D00576F80 /* TEST1 */ = {
			isa = PBXGroup;
			children = (
				00831C3528916F1D00576F80 /* AppDelegate.swift */,
				00831C3928916F1D00576F80 /* ViewController.swift */,
				00831C3728916F1D00576F80 /* SceneDelegate.swift */,
				00831C3B28916F1D00576F80 /* Main.storyboard */,
				00831C3E28916F2200576F80 /* Assets.xcassets */,
				00831C4028916F2200576F80 /* LaunchScreen.storyboard */,
				00831C4328916F2200576F80 /* Info.plist */,
			);
			path = TEST1;
			sourceTree = "<group>";
		};
		00831C4B28916F2200576F80 /* TEST1Tests */ = {
			isa = PBXGroup;
			children = (
				00831C4C28916F2200576F80 /* TEST1Tests.swift */,
			);
			path = TEST1Tests;
			sourceTree = "<group>";
		};
		00831C5528916F2300576F80 /* TEST1UITests */ = {
			isa = PBXGroup;
			children = (
				00831C5628916F2300576F80 /* TEST1UITests.swift */,
				00831C5828916F2300576F80 /* TEST1UITestsLaunchTests.swift */,
			);
			path = TEST1UITests;
			sourceTree = "<group>";
		};
/* End PBXGroup section */

/* Begin PBXNativeTarget section */
		00831C3128916F1D00576F80 /* TEST1 */ = {
			isa = PBXNativeTarget;
			buildConfigurationList = 00831C5C28916F2300576F80 /* Build configuration list for PBXNativeTarget "TEST1" */;
			buildPhases = (
				00831C2E28916F1D00576F80 /* Sources */,
				00831C2F28916F1D00576F80 /* Frameworks */,
				00831C3028916F1D00576F80 /* Resources */,
			);
			buildRules = (
			);
			dependencies = (
			);
			name = TEST1;
			productName = TEST1;
			productReference = 00831C3228916F1D00576F80 /* TEST1.app */;
			productType = "com.apple.product-type.application";
		};
		00831C4728916F2200576F80 /* TEST1Tests */ = {
			isa = PBXNativeTarget;
			buildConfigurationList = 00831C5F28916F2300576F80 /* Build configuration list for PBXNativeTarget "TEST1Tests" */;
			buildPhases = (
				00831C4428916F2200576F80 /* Sources */,
				00831C4528916F2200576F80 /* Frameworks */,
				00831C4628916F2200576F80 /* Resources */,
			);
			buildRules = (
			);
			dependencies = (
				00831C4A28916F2200576F80 /* PBXTargetDependency */,
			);
			name = TEST1Tests;
			productName = TEST1Tests;
			productReference = 00831C4828916F2200576F80 /* TEST1Tests.xctest */;
			productType = "com.apple.product-type.bundle.unit-test";
		};
		00831C5128916F2300576F80 /* TEST1UITests */ = {
			isa = PBXNativeTarget;
			buildConfigurationList = 00831C6228916F2300576F80 /* Build configuration list for PBXNativeTarget "TEST1UITests" */;
			buildPhases = (
				00831C4E28916F2300576F80 /* Sources */,
				00831C4F28916F2300576F80 /* Frameworks */,
				00831C5028916F2300576F80 /* Resources */,
			);
			buildRules = (
			);
			dependencies = (
				00831C5428916F2300576F80 /* PBXTargetDependency */,
			);
			name = TEST1UITests;
			productName = TEST1UITests;
			productReference = 00831C5228916F2300576F80 /* TEST1UITests.xctest */;
			productType = "com.apple.product-type.bundle.ui-testing";
		};
/* End PBXNativeTarget section */

/* Begin PBXProject section */
		00831C2A28916F1D00576F80 /* Project object */ = {
			isa = PBXProject;
			attributes = {
				BuildIndependentTargetsInParallel = 1;
				LastSwiftUpdateCheck = 1340;
				LastUpgradeCheck = 1340;
				TargetAttributes = {
					00831C3128916F1D00576F80 = {
						CreatedOnToolsVersion = 13.4.1;
					};
					00831C4728916F2200576F80 = {
						CreatedOnToolsVersion = 13.4.1;
						TestTargetID = 00831C3128916F1D00576F80;
					};
					00831C5128916F2300576F80 = {
						CreatedOnToolsVersion = 13.4.1;
						TestTargetID = 00831C3128916F1D00576F80;
					};
				};
			};
			buildConfigurationList = 00831C2D28916F1D00576F80 /* Build configuration list for PBXProject "TEST1" */;
			compatibilityVersion = "Xcode 13.0";
			developmentRegion = en;
			hasScannedForEncodings = 0;
			knownRegions = (
				en,
				Base,
			);
			mainGroup = 00831C2928916F1D00576F80;
			productRefGroup = 00831C3328916F1D00576F80 /* Products */;
			projectDirPath = "";
			projectRoot = "";
			targets = (
				00831C3128916F1D00576F80 /* TEST1 */,
				00831C4728916F2200576F80 /* TEST1Tests */,
				00831C5128916F2300576F80 /* TEST1UITests */,
			);
		};
/* End PBXProject section */

/* Begin PBXResourcesBuildPhase section */
		00831C3028916F1D00576F80 /* Resources */ = {
			isa = PBXResourcesBuildPhase;
			buildActionMask = 2147483647;
			files = (
				00831C4228916F2200576F80 /* LaunchScreen.storyboard in Resources */,
				00831C3F28916F2200576F80 /* Assets.xcassets in Resources */,
				00831C3D28916F1D00576F80 /* Main.storyboard in Resources */,
			);
			runOnlyForDeploymentPostprocessing = 0;
		};
		00831C4628916F2200576F80 /* Resources */ = {
			isa = PBXResourcesBuildPhase;
			buildActionMask = 2147483647;
			files = (
			);
			runOnlyForDeploymentPostprocessing = 0;
		};
		00831C5028916F2300576F80 /* Resources */ = {
			isa = PBXResourcesBuildPhase;
			buildActionMask = 2147483647;
			files = (
			);
			runOnlyForDeploymentPostprocessing = 0;
		};
/* End PBXResourcesBuildPhase section */

/* Begin PBXSourcesBuildPhase section */
		00831C2E28916F1D00576F80 /* Sources */ = {
			isa = PBXSourcesBuildPhase;
			buildActionMask = 2147483647;
			files = (
				00831C3A28916F1D00576F80 /* ViewController.swift in Sources */,
				00831C3628916F1D00576F80 /* AppDelegate.swift in Sources */,
				00831C3828916F1D00576F80 /* SceneDelegate.swift in Sources */,
			);
			runOnlyForDeploymentPostprocessing = 0;
		};
		00831C4428916F2200576F80 /* Sources */ = {
			isa = PBXSourcesBuildPhase;
			buildActionMask = 2147483647;
			files = (
				00831C4D28916F2200576F80 /* TEST1Tests.swift in Sources */,
			);
			runOnlyForDeploymentPostprocessing = 0;
		};
		00831C4E28916F2300576F80 /* Sources */ = {
			isa = PBXSourcesBuildPhase;
			buildActionMask = 2147483647;
			files = (
				00831C5928916F2300576F80 /* TEST1UITestsLaunchTests.swift in Sources */,
				00831C5728916F2300576F80 /* TEST1UITests.swift in Sources */,
			);
			runOnlyForDeploymentPostprocessing = 0;
		};
/* End PBXSourcesBuildPhase section */

/* Begin PBXTargetDependency section */
		00831C4A28916F2200576F80 /* PBXTargetDependency */ = {
			isa = PBXTargetDependency;
			target = 00831C3128916F1D00576F80 /* TEST1 */;
			targetProxy = 00831C4928916F2200576F80 /* PBXContainerItemProxy */;
		};
		00831C5428916F2300576F80 /* PBXTargetDependency */ = {
			isa = PBXTargetDependency;
			target = 00831C3128916F1D00576F80 /* TEST1 */;
			targetProxy = 00831C5328916F2300576F80 /* PBXContainerItemProxy */;
		};
/* End PBXTargetDependency section */

/* Begin PBXVariantGroup section */
		00831C3B28916F1D00576F80 /* Main.storyboard */ = {
			isa = PBXVariantGroup;
			children = (
				00831C3C28916F1D00576F80 /* Base */,
			);
			name = Main.storyboard;
			sourceTree = "<group>";
		};
		00831C4028916F2200576F80 /* LaunchScreen.storyboard */ = {
			isa = PBXVariantGroup;
			children = (
				00831C4128916F2200576F80 /* Base */,
			);
			name = LaunchScreen.storyboard;
			sourceTree = "<group>";
		};
/* End PBXVariantGroup section */

/* Begin XCBuildConfiguration section */
		00831C5A28916F2300576F80 /* Debug */ = {
			isa = XCBuildConfiguration;
			buildSettings = {
				ALWAYS_SEARCH_USER_PATHS = NO;
				CLANG_ANALYZER_NONNULL = YES;
				CLANG_ANALYZER_NUMBER_OBJECT_CONVERSION = YES_AGGRESSIVE;
				CLANG_CXX_LANGUAGE_STANDARD = "gnu++17";
				CLANG_ENABLE_MODULES = YES;
				CLANG_ENABLE_OBJC_ARC = YES;
				CLANG_ENABLE_OBJC_WEAK = YES;
				CLANG_WARN_BLOCK_CAPTURE_AUTORELEASING = YES;
				CLANG_WARN_BOOL_CONVERSION = YES;
				CLANG_WARN_COMMA = YES;
				CLANG_WARN_CONSTANT_CONVERSION = YES;
				CLANG_WARN_DEPRECATED_OBJC_IMPLEMENTATIONS = YES;
				CLANG_WARN_DIRECT_OBJC_ISA_USAGE = YES_ERROR;
				CLANG_WARN_DOCUMENTATION_COMMENTS = YES;
				CLANG_WARN_EMPTY_BODY = YES;
				CLANG_WARN_ENUM_CONVERSION = YES;
				CLANG_WARN_INFINITE_RECURSION = YES;
				CLANG_WARN_INT_CONVERSION = YES;
				CLANG_WARN_NON_LITERAL_NULL_CONVERSION = YES;
				CLANG_WARN_OBJC_IMPLICIT_RETAIN_SELF = YES;
				CLANG_WARN_OBJC_LITERAL_CONVERSION = YES;
				CLANG_WARN_OBJC_ROOT_CLASS = YES_ERROR;
				CLANG_WARN_QUOTED_INCLUDE_IN_FRAMEWORK_HEADER = YES;
				CLANG_WARN_RANGE_LOOP_ANALYSIS = YES;
				CLANG_WARN_STRICT_PROTOTYPES = YES;
				CLANG_WARN_SUSPICIOUS_MOVE = YES;
				CLANG_WARN_UNGUARDED_AVAILABILITY = YES_AGGRESSIVE;
				CLANG_WARN_UNREACHABLE_CODE = YES;
				CLANG_WARN__DUPLICATE_METHOD_MATCH = YES;
				COPY_PHASE_STRIP = NO;
				DEBUG_INFORMATION_FORMAT = dwarf;
				ENABLE_STRICT_OBJC_MSGSEND = YES;
				ENABLE_TESTABILITY = YES;
				GCC_C_LANGUAGE_STANDARD = gnu11;
				GCC_DYNAMIC_NO_PIC = NO;
				GCC_NO_COMMON_BLOCKS = YES;
				GCC_OPTIMIZATION_LEVEL = 0;
				GCC_PREPROCESSOR_DEFINITIONS = (
					"DEBUG=1",
					"$(inherited)",
				);
				GCC_WARN_64_TO_32_BIT_CONVERSION = YES;
				GCC_WARN_ABOUT_RETURN_TYPE = YES_ERROR;
				GCC_WARN_UNDECLARED_SELECTOR = YES;
				GCC_WARN_UNINITIALIZED_AUTOS = YES_AGGRESSIVE;
				GCC_WARN_UNUSED_FUNCTION = YES;
				GCC_WARN_UNUSED_VARIABLE = YES;
				IPHONEOS_DEPLOYMENT_TARGET = 15.5;
				MTL_ENABLE_DEBUG_INFO = INCLUDE_SOURCE;
				MTL_FAST_MATH = YES;
				ONLY_ACTIVE_ARCH = YES;
				SDKROOT = iphoneos;
				SWIFT_ACTIVE_COMPILATION_CONDITIONS = DEBUG;
				SWIFT_OPTIMIZATION_LEVEL = "-Onone";
			};
			name = Debug;
		};
		00831C5B28916F2300576F80 /* Release */ = {
			isa = XCBuildConfiguration;
			buildSettings = {
				ALWAYS_SEARCH_USER_PATHS = NO;
				CLANG_ANALYZER_NONNULL = YES;
				CLANG_ANALYZER_NUMBER_OBJECT_CONVERSION = YES_AGGRESSIVE;
				CLANG_CXX_LANGUAGE_STANDARD = "gnu++17";
				CLANG_ENABLE_MODULES = YES;
				CLANG_ENABLE_OBJC_ARC = YES;
				CLANG_ENABLE_OBJC_WEAK = YES;
				CLANG_WARN_BLOCK_CAPTURE_AUTORELEASING = YES;
				CLANG_WARN_BOOL_CONVERSION = YES;
				CLANG_WARN_COMMA = YES;
				CLANG_WARN_CONSTANT_CONVERSION = YES;
				CLANG_WARN_DEPRECATED_OBJC_IMPLEMENTATIONS = YES;
				CLANG_WARN_DIRECT_OBJC_ISA_USAGE = YES_ERROR;
				CLANG_WARN_DOCUMENTATION_COMMENTS = YES;
				CLANG_WARN_EMPTY_BODY = YES;
				CLANG_WARN_ENUM_CONVERSION = YES;
				CLANG_WARN_INFINITE_RECURSION = YES;
				CLANG_WARN_INT_CONVERSION = YES;
				CLANG_WARN_NON_LITERAL_NULL_CONVERSION = YES;
				CLANG_WARN_OBJC_IMPLICIT_RETAIN_SELF = YES;
				CLANG_WARN_OBJC_LITERAL_CONVERSION = YES;
				CLANG_WARN_OBJC_ROOT_CLASS = YES_ERROR;
				CLANG_WARN_QUOTED_INCLUDE_IN_FRAMEWORK_HEADER = YES;
				CLANG_WARN_RANGE_LOOP_ANALYSIS = YES;
				CLANG_WARN_STRICT_PROTOTYPES = YES;
				CLANG_WARN_SUSPICIOUS_MOVE = YES;
				CLANG_WARN_UNGUARDED_AVAILABILITY = YES_AGGRESSIVE;
				CLANG_WARN_UNREACHABLE_CODE = YES;
				CLANG_WARN__DUPLICATE_METHOD_MATCH = YES;
				COPY_PHASE_STRIP = NO;
				DEBUG_INFORMATION_FORMAT = "dwarf-with-dsym";
				ENABLE_NS_ASSERTIONS = NO;
				ENABLE_STRICT_OBJC_MSGSEND = YES;
				GCC_C_LANGUAGE_STANDARD = gnu11;
				GCC_NO_COMMON_BLOCKS = YES;
				GCC_WARN_64_TO_32_BIT_CONVERSION = YES;
				GCC_WARN_ABOUT_RETURN_TYPE = YES_ERROR;
				GCC_WARN_UNDECLARED_SELECTOR = YES;
				GCC_WARN_UNINITIALIZED_AUTOS = YES_AGGRESSIVE;
				GCC_WARN_UNUSED_FUNCTION = YES;
				GCC_WARN_UNUSED_VARIABLE = YES;
				IPHONEOS_DEPLOYMENT_TARGET = 15.5;
				MTL_ENABLE_DEBUG_INFO = NO;
				MTL_FAST_MATH = YES;
				SDKROOT = iphoneos;
				SWIFT_COMPILATION_MODE = wholemodule;
				SWIFT_OPTIMIZATION_LEVEL = "-O";
				VALIDATE_PRODUCT = YES;
			};
			name = Release;
		};
		00831C5D28916F2300576F80 /* Debug */ = {
			isa = XCBuildConfiguration;
			buildSettings = {
				ASSETCATALOG_COMPILER_APPICON_NAME = AppIcon;
				ASSETCATALOG_COMPILER_GLOBAL_ACCENT_COLOR_NAME = AccentColor;
				CODE_SIGN_STYLE = Automatic;
				CURRENT_PROJECT_VERSION = 1;
				GENERATE_INFOPLIST_FILE = YES;
				INFOPLIST_FILE = TEST1/Info.plist;
				INFOPLIST_KEY_UIApplicationSupportsIndirectInputEvents = YES;
				INFOPLIST_KEY_UILaunchStoryboardName = LaunchScreen;
				INFOPLIST_KEY_UIMainStoryboardFile = Main;
				INFOPLIST_KEY_UISupportedInterfaceOrientations_iPad = "UIInterfaceOrientationPortrait UIInterfaceOrientationPortraitUpsideDown UIInterfaceOrientationLandscapeLeft UIInterfaceOrientationLandscapeRight";
				INFOPLIST_KEY_UISupportedInterfaceOrientations_iPhone = "UIInterfaceOrientationPortrait UIInterfaceOrientationLandscapeLeft UIInterfaceOrientationLandscapeRight";
				LD_RUNPATH_SEARCH_PATHS = (
					"$(inherited)",
					"@executable_path/Frameworks",
				);
				MARKETING_VERSION = 1.0;
				PRODUCT_BUNDLE_IDENTIFIER = "-23.TEST1";
				PRODUCT_NAME = "$(TARGET_NAME)";
				SWIFT_EMIT_LOC_STRINGS = YES;
				SWIFT_VERSION = 5.0;
				TARGETED_DEVICE_FAMILY = "1,2";
			};
			name = Debug;
		};
		00831C5E28916F2300576F80 /* Release */ = {
			isa = XCBuildConfiguration;
			buildSettings = {
				ASSETCATALOG_COMPILER_APPICON_NAME = AppIcon;
				ASSETCATALOG_COMPILER_GLOBAL_ACCENT_COLOR_NAME = AccentColor;
				CODE_SIGN_STYLE = Automatic;
				CURRENT_PROJECT_VERSION = 1;
				GENERATE_INFOPLIST_FILE = YES;
				INFOPLIST_FILE = TEST1/Info.plist;
				INFOPLIST_KEY_UIApplicationSupportsIndirectInputEvents = YES;
				INFOPLIST_KEY_UILaunchStoryboardName = LaunchScreen;
				INFOPLIST_KEY_UIMainStoryboardFile = Main;
				INFOPLIST_KEY_UISupportedInterfaceOrientations_iPad = "UIInterfaceOrientationPortrait UIInterfaceOrientationPortraitUpsideDown UIInterfaceOrientationLandscapeLeft UIInterfaceOrientationLandscapeRight";
				INFOPLIST_KEY_UISupportedInterfaceOrientations_iPhone = "UIInterfaceOrientationPortrait UIInterfaceOrientationLandscapeLeft UIInterfaceOrientationLandscapeRight";
				LD_RUNPATH_SEARCH_PATHS = (
					"$(inherited)",
					"@executable_path/Frameworks",
				);
				MARKETING_VERSION = 1.0;
				PRODUCT_BUNDLE_IDENTIFIER = "-23.TEST1";
				PRODUCT_NAME = "$(TARGET_NAME)";
				SWIFT_EMIT_LOC_STRINGS = YES;
				SWIFT_VERSION = 5.0;
				TARGETED_DEVICE_FAMILY = "1,2";
			};
			name = Release;
		};
		00831C6028916F2300576F80 /* Debug */ = {
			isa = XCBuildConfiguration;
			buildSettings = {
				ALWAYS_EMBED_SWIFT_STANDARD_LIBRARIES = YES;
				BUNDLE_LOADER = "$(TEST_HOST)";
				CODE_SIGN_STYLE = Automatic;
				CURRENT_PROJECT_VERSION = 1;
				GENERATE_INFOPLIST_FILE = YES;
				IPHONEOS_DEPLOYMENT_TARGET = 15.5;
				MARKETING_VERSION = 1.0;
				PRODUCT_BUNDLE_IDENTIFIER = "-23.TEST1Tests";
				PRODUCT_NAME = "$(TARGET_NAME)";
				SWIFT_EMIT_LOC_STRINGS = NO;
				SWIFT_VERSION = 5.0;
				TARGETED_DEVICE_FAMILY = "1,2";
				TEST_HOST = "$(BUILT_PRODUCTS_DIR)/TEST1.app/TEST1";
			};
			name = Debug;
		};
		00831C6128916F2300576F80 /* Release */ = {
			isa = XCBuildConfiguration;
			buildSettings = {
				ALWAYS_EMBED_SWIFT_STANDARD_LIBRARIES = YES;
				BUNDLE_LOADER = "$(TEST_HOST)";
				CODE_SIGN_STYLE = Automatic;
				CURRENT_PROJECT_VERSION = 1;
				GENERATE_INFOPLIST_FILE = YES;
				IPHONEOS_DEPLOYMENT_TARGET = 15.5;
				MARKETING_VERSION = 1.0;
				PRODUCT_BUNDLE_IDENTIFIER = "-23.TEST1Tests";
				PRODUCT_NAME = "$(TARGET_NAME)";
				SWIFT_EMIT_LOC_STRINGS = NO;
				SWIFT_VERSION = 5.0;
				TARGETED_DEVICE_FAMILY = "1,2";
				TEST_HOST = "$(BUILT_PRODUCTS_DIR)/TEST1.app/TEST1";
			};
			name = Release;
		};
		00831C6328916F2300576F80 /* Debug */ = {
			isa = XCBuildConfiguration;
			buildSettings = {
				ALWAYS_EMBED_SWIFT_STANDARD_LIBRARIES = YES;
				CODE_SIGN_STYLE = Automatic;
				CURRENT_PROJECT_VERSION = 1;
				GENERATE_INFOPLIST_FILE = YES;
				MARKETING_VERSION = 1.0;
				PRODUCT_BUNDLE_IDENTIFIER = "-23.TEST1UITests";
				PRODUCT_NAME = "$(TARGET_NAME)";
				SWIFT_EMIT_LOC_STRINGS = NO;
				SWIFT_VERSION = 5.0;
				TARGETED_DEVICE_FAMILY = "1,2";
				TEST_TARGET_NAME = TEST1;
			};
			name = Debug;
		};
		00831C6428916F2300576F80 /* Release */ = {
			isa = XCBuildConfiguration;
			buildSettings = {
				ALWAYS_EMBED_SWIFT_STANDARD_LIBRARIES = YES;
				CODE_SIGN_STYLE = Automatic;
				CURRENT_PROJECT_VERSION = 1;
				GENERATE_INFOPLIST_FILE = YES;
				MARKETING_VERSION = 1.0;
				PRODUCT_BUNDLE_IDENTIFIER = "-23.TEST1UITests";
				PRODUCT_NAME = "$(TARGET_NAME)";
				SWIFT_EMIT_LOC_STRINGS = NO;
				SWIFT_VERSION = 5.0;
				TARGETED_DEVICE_FAMILY = "1,2";
				TEST_TARGET_NAME = TEST1;
			};
			name = Release;
		};
/* End XCBuildConfiguration section */

/* Begin XCConfigurationList section */
		00831C2D28916F1D00576F80 /* Build configuration list for PBXProject "TEST1" */ = {
			isa = XCConfigurationList;
			buildConfigurations = (
				00831C5A28916F2300576F80 /* Debug */,
				00831C5B28916F2300576F80 /* Release */,
			);
			defaultConfigurationIsVisible = 0;
			defaultConfigurationName = Release;
		};
		00831C5C28916F2300576F80 /* Build configuration list for PBXNativeTarget "TEST1" */ = {
			isa = XCConfigurationList;
			buildConfigurations = (
				00831C5D28916F2300576F80 /* Debug */,
				00831C5E28916F2300576F80 /* Release */,
			);
			defaultConfigurationIsVisible = 0;
			defaultConfigurationName = Release;
		};
		00831C5F28916F2300576F80 /* Build configuration list for PBXNativeTarget "TEST1Tests" */ = {
			isa = XCConfigurationList;
			buildConfigurations = (
				00831C6028916F2300576F80 /* Debug */,
				00831C6128916F2300576F80 /* Release */,
			);
			defaultConfigurationIsVisible = 0;
			defaultConfigurationName = Release;
		};
		00831C6228916F2300576F80 /* Build configuration list for PBXNativeTarget "TEST1UITests" */ = {
			isa = XCConfigurationList;
			buildConfigurations = (
				00831C6328916F2300576F80 /* Debug */,
				00831C6428916F2300576F80 /* Release */,
			);
			defaultConfigurationIsVisible = 0;
			defaultConfigurationName = Release;
		};
/* End XCConfigurationList section */
	};
	rootObject = 00831C2A28916F1D00576F80 /* Project object */;
}
